
Microsoft Visual Studio Solution File, Format Version 12.00
# Visual Studio 15
VisualStudioVersion = 15.0.26430.6
MinimumVisualStudioVersion = 10.0.40219.1
Project("{FAE04EC0-301F-11D3-BF4B-00C04F79EFBC}") = "Fetcher.Core", "Fetcher.Core\Fetcher.Core.csproj", "{4921B331-6A28-4DB9-8A1A-DE947C033E2E}"
EndProject
Project("{FAE04EC0-301F-11D3-BF4B-00C04F79EFBC}") = "Fetcher.Droid", "Fetcher.Droid\Fetcher.Droid.csproj", "{2027843F-DB1D-4773-B6BD-C6DD201D6447}"
EndProject
Project("{FAE04EC0-301F-11D3-BF4B-00C04F79EFBC}") = "Fetcher.Touch", "Fetcher.Touch\Fetcher.Touch.csproj", "{AF49E73B-EE46-4A5F-9768-140BEAFB7EE0}"
EndProject
Project("{FAE04EC0-301F-11D3-BF4B-00C04F79EFBC}") = "Fetcher.Core.Tests", "Fetcher.Core.Tests\Fetcher.Core.Tests.csproj", "{B9854959-FE9B-4B99-86B6-E23CA3D1AE41}"
EndProject
Project("{FAE04EC0-301F-11D3-BF4B-00C04F79EFBC}") = "Fetcher.Playground.Touch", "Fetcher.Playground.Touch\Fetcher.Playground.Touch.csproj", "{6F3DB4A0-4242-4BB2-94D6-764C09728379}"
EndProject
Project("{FAE04EC0-301F-11D3-BF4B-00C04F79EFBC}") = "Fetcher.Playground.Droid", "Fetcher.Playground.Droid\Fetcher.Playground.Droid.csproj", "{76E4C1B6-AE83-4C29-A2D3-44D64D010668}"
EndProject
Global
	GlobalSection(SolutionConfigurationPlatforms) = preSolution
		Ad-Hoc|Any CPU = Ad-Hoc|Any CPU
		Ad-Hoc|iPhone = Ad-Hoc|iPhone
		Ad-Hoc|iPhoneSimulator = Ad-Hoc|iPhoneSimulator
		AppStore|Any CPU = AppStore|Any CPU
		AppStore|iPhone = AppStore|iPhone
		AppStore|iPhoneSimulator = AppStore|iPhoneSimulator
		Debug|Any CPU = Debug|Any CPU
		Debug|iPhone = Debug|iPhone
		Debug|iPhoneSimulator = Debug|iPhoneSimulator
		Release|Any CPU = Release|Any CPU
		Release|iPhone = Release|iPhone
		Release|iPhoneSimulator = Release|iPhoneSimulator
	EndGlobalSection
	GlobalSection(ProjectConfigurationPlatforms) = postSolution
		{4921B331-6A28-4DB9-8A1A-DE947C033E2E}.Ad-Hoc|Any CPU.ActiveCfg = Release|Any CPU
		{4921B331-6A28-4DB9-8A1A-DE947C033E2E}.Ad-Hoc|Any CPU.Build.0 = Release|Any CPU
		{4921B331-6A28-4DB9-8A1A-DE947C033E2E}.Ad-Hoc|iPhone.ActiveCfg = Release|Any CPU
		{4921B331-6A28-4DB9-8A1A-DE947C033E2E}.Ad-Hoc|iPhone.Build.0 = Release|Any CPU
		{4921B331-6A28-4DB9-8A1A-DE947C033E2E}.Ad-Hoc|iPhoneSimulator.ActiveCfg = Release|Any CPU
		{4921B331-6A28-4DB9-8A1A-DE947C033E2E}.Ad-Hoc|iPhoneSimulator.Build.0 = Release|Any CPU
		{4921B331-6A28-4DB9-8A1A-DE947C033E2E}.AppStore|Any CPU.ActiveCfg = Release|Any CPU
		{4921B331-6A28-4DB9-8A1A-DE947C033E2E}.AppStore|Any CPU.Build.0 = Release|Any CPU
		{4921B331-6A28-4DB9-8A1A-DE947C033E2E}.AppStore|iPhone.ActiveCfg = Release|Any CPU
		{4921B331-6A28-4DB9-8A1A-DE947C033E2E}.AppStore|iPhone.Build.0 = Release|Any CPU
		{4921B331-6A28-4DB9-8A1A-DE947C033E2E}.AppStore|iPhoneSimulator.ActiveCfg = Release|Any CPU
		{4921B331-6A28-4DB9-8A1A-DE947C033E2E}.AppStore|iPhoneSimulator.Build.0 = Release|Any CPU
		{4921B331-6A28-4DB9-8A1A-DE947C033E2E}.Debug|Any CPU.ActiveCfg = Debug|Any CPU
		{4921B331-6A28-4DB9-8A1A-DE947C033E2E}.Debug|Any CPU.Build.0 = Debug|Any CPU
		{4921B331-6A28-4DB9-8A1A-DE947C033E2E}.Debug|iPhone.ActiveCfg = Debug|Any CPU
		{4921B331-6A28-4DB9-8A1A-DE947C033E2E}.Debug|iPhone.Build.0 = Debug|Any CPU
		{4921B331-6A28-4DB9-8A1A-DE947C033E2E}.Debug|iPhoneSimulator.ActiveCfg = Debug|Any CPU
		{4921B331-6A28-4DB9-8A1A-DE947C033E2E}.Debug|iPhoneSimulator.Build.0 = Debug|Any CPU
		{4921B331-6A28-4DB9-8A1A-DE947C033E2E}.Release|Any CPU.ActiveCfg = Release|Any CPU
		{4921B331-6A28-4DB9-8A1A-DE947C033E2E}.Release|Any CPU.Build.0 = Release|Any CPU
		{4921B331-6A28-4DB9-8A1A-DE947C033E2E}.Release|iPhone.ActiveCfg = Release|Any CPU
		{4921B331-6A28-4DB9-8A1A-DE947C033E2E}.Release|iPhone.Build.0 = Release|Any CPU
		{4921B331-6A28-4DB9-8A1A-DE947C033E2E}.Release|iPhoneSimulator.ActiveCfg = Release|Any CPU
		{4921B331-6A28-4DB9-8A1A-DE947C033E2E}.Release|iPhoneSimulator.Build.0 = Release|Any CPU
		{2027843F-DB1D-4773-B6BD-C6DD201D6447}.Ad-Hoc|Any CPU.ActiveCfg = Release|Any CPU
		{2027843F-DB1D-4773-B6BD-C6DD201D6447}.Ad-Hoc|Any CPU.Build.0 = Release|Any CPU
		{2027843F-DB1D-4773-B6BD-C6DD201D6447}.Ad-Hoc|iPhone.ActiveCfg = Release|Any CPU
		{2027843F-DB1D-4773-B6BD-C6DD201D6447}.Ad-Hoc|iPhone.Build.0 = Release|Any CPU
		{2027843F-DB1D-4773-B6BD-C6DD201D6447}.Ad-Hoc|iPhoneSimulator.ActiveCfg = Release|Any CPU
		{2027843F-DB1D-4773-B6BD-C6DD201D6447}.Ad-Hoc|iPhoneSimulator.Build.0 = Release|Any CPU
		{2027843F-DB1D-4773-B6BD-C6DD201D6447}.AppStore|Any CPU.ActiveCfg = Release|Any CPU
		{2027843F-DB1D-4773-B6BD-C6DD201D6447}.AppStore|Any CPU.Build.0 = Release|Any CPU
		{2027843F-DB1D-4773-B6BD-C6DD201D6447}.AppStore|iPhone.ActiveCfg = Release|Any CPU
		{2027843F-DB1D-4773-B6BD-C6DD201D6447}.AppStore|iPhone.Build.0 = Release|Any CPU
		{2027843F-DB1D-4773-B6BD-C6DD201D6447}.AppStore|iPhoneSimulator.ActiveCfg = Release|Any CPU
		{2027843F-DB1D-4773-B6BD-C6DD201D6447}.AppStore|iPhoneSimulator.Build.0 = Release|Any CPU
		{2027843F-DB1D-4773-B6BD-C6DD201D6447}.Debug|Any CPU.ActiveCfg = Debug|Any CPU
		{2027843F-DB1D-4773-B6BD-C6DD201D6447}.Debug|Any CPU.Build.0 = Debug|Any CPU
		{2027843F-DB1D-4773-B6BD-C6DD201D6447}.Debug|iPhone.ActiveCfg = Debug|Any CPU
		{2027843F-DB1D-4773-B6BD-C6DD201D6447}.Debug|iPhoneSimulator.ActiveCfg = Debug|Any CPU
		{2027843F-DB1D-4773-B6BD-C6DD201D6447}.Release|Any CPU.ActiveCfg = Release|Any CPU
		{2027843F-DB1D-4773-B6BD-C6DD201D6447}.Release|Any CPU.Build.0 = Release|Any CPU
		{2027843F-DB1D-4773-B6BD-C6DD201D6447}.Release|iPhone.ActiveCfg = Release|Any CPU
		{2027843F-DB1D-4773-B6BD-C6DD201D6447}.Release|iPhone.Build.0 = Release|Any CPU
		{2027843F-DB1D-4773-B6BD-C6DD201D6447}.Release|iPhoneSimulator.ActiveCfg = Release|Any CPU
		{2027843F-DB1D-4773-B6BD-C6DD201D6447}.Release|iPhoneSimulator.Build.0 = Release|Any CPU
		{AF49E73B-EE46-4A5F-9768-140BEAFB7EE0}.Ad-Hoc|Any CPU.ActiveCfg = Release|Any CPU
		{AF49E73B-EE46-4A5F-9768-140BEAFB7EE0}.Ad-Hoc|Any CPU.Build.0 = Release|Any CPU
		{AF49E73B-EE46-4A5F-9768-140BEAFB7EE0}.Ad-Hoc|iPhone.ActiveCfg = Release|Any CPU
		{AF49E73B-EE46-4A5F-9768-140BEAFB7EE0}.Ad-Hoc|iPhone.Build.0 = Release|Any CPU
		{AF49E73B-EE46-4A5F-9768-140BEAFB7EE0}.Ad-Hoc|iPhoneSimulator.ActiveCfg = Release|Any CPU
		{AF49E73B-EE46-4A5F-9768-140BEAFB7EE0}.Ad-Hoc|iPhoneSimulator.Build.0 = Release|Any CPU
		{AF49E73B-EE46-4A5F-9768-140BEAFB7EE0}.AppStore|Any CPU.ActiveCfg = Release|Any CPU
		{AF49E73B-EE46-4A5F-9768-140BEAFB7EE0}.AppStore|Any CPU.Build.0 = Release|Any CPU
		{AF49E73B-EE46-4A5F-9768-140BEAFB7EE0}.AppStore|iPhone.ActiveCfg = Release|Any CPU
		{AF49E73B-EE46-4A5F-9768-140BEAFB7EE0}.AppStore|iPhone.Build.0 = Release|Any CPU
		{AF49E73B-EE46-4A5F-9768-140BEAFB7EE0}.AppStore|iPhoneSimulator.ActiveCfg = Release|Any CPU
		{AF49E73B-EE46-4A5F-9768-140BEAFB7EE0}.AppStore|iPhoneSimulator.Build.0 = Release|Any CPU
		{AF49E73B-EE46-4A5F-9768-140BEAFB7EE0}.Debug|Any CPU.ActiveCfg = Debug|Any CPU
		{AF49E73B-EE46-4A5F-9768-140BEAFB7EE0}.Debug|iPhone.ActiveCfg = Debug|Any CPU
		{AF49E73B-EE46-4A5F-9768-140BEAFB7EE0}.Debug|iPhone.Build.0 = Debug|Any CPU
		{AF49E73B-EE46-4A5F-9768-140BEAFB7EE0}.Debug|iPhoneSimulator.ActiveCfg = Debug|Any CPU
		{AF49E73B-EE46-4A5F-9768-140BEAFB7EE0}.Debug|iPhoneSimulator.Build.0 = Debug|Any CPU
		{AF49E73B-EE46-4A5F-9768-140BEAFB7EE0}.Release|Any CPU.ActiveCfg = Release|Any CPU
		{AF49E73B-EE46-4A5F-9768-140BEAFB7EE0}.Release|Any CPU.Build.0 = Release|Any CPU
		{AF49E73B-EE46-4A5F-9768-140BEAFB7EE0}.Release|iPhone.ActiveCfg = Release|Any CPU
		{AF49E73B-EE46-4A5F-9768-140BEAFB7EE0}.Release|iPhone.Build.0 = Release|Any CPU
		{AF49E73B-EE46-4A5F-9768-140BEAFB7EE0}.Release|iPhoneSimulator.ActiveCfg = Release|Any CPU
		{AF49E73B-EE46-4A5F-9768-140BEAFB7EE0}.Release|iPhoneSimulator.Build.0 = Release|Any CPU
		{B9854959-FE9B-4B99-86B6-E23CA3D1AE41}.Ad-Hoc|Any CPU.ActiveCfg = Release|Any CPU
		{B9854959-FE9B-4B99-86B6-E23CA3D1AE41}.Ad-Hoc|Any CPU.Build.0 = Release|Any CPU
		{B9854959-FE9B-4B99-86B6-E23CA3D1AE41}.Ad-Hoc|iPhone.ActiveCfg = Release|Any CPU
		{B9854959-FE9B-4B99-86B6-E23CA3D1AE41}.Ad-Hoc|iPhone.Build.0 = Release|Any CPU
		{B9854959-FE9B-4B99-86B6-E23CA3D1AE41}.Ad-Hoc|iPhoneSimulator.ActiveCfg = Release|Any CPU
		{B9854959-FE9B-4B99-86B6-E23CA3D1AE41}.Ad-Hoc|iPhoneSimulator.Build.0 = Release|Any CPU
		{B9854959-FE9B-4B99-86B6-E23CA3D1AE41}.AppStore|Any CPU.ActiveCfg = Release|Any CPU
		{B9854959-FE9B-4B99-86B6-E23CA3D1AE41}.AppStore|Any CPU.Build.0 = Release|Any CPU
		{B9854959-FE9B-4B99-86B6-E23CA3D1AE41}.AppStore|iPhone.ActiveCfg = Release|Any CPU
		{B9854959-FE9B-4B99-86B6-E23CA3D1AE41}.AppStore|iPhone.Build.0 = Release|Any CPU
		{B9854959-FE9B-4B99-86B6-E23CA3D1AE41}.AppStore|iPhoneSimulator.ActiveCfg = Release|Any CPU
		{B9854959-FE9B-4B99-86B6-E23CA3D1AE41}.AppStore|iPhoneSimulator.Build.0 = Release|Any CPU
		{B9854959-FE9B-4B99-86B6-E23CA3D1AE41}.Debug|Any CPU.ActiveCfg = Debug|Any CPU
		{B9854959-FE9B-4B99-86B6-E23CA3D1AE41}.Debug|Any CPU.Build.0 = Debug|Any CPU
		{B9854959-FE9B-4B99-86B6-E23CA3D1AE41}.Debug|iPhone.ActiveCfg = Debug|Any CPU
		{B9854959-FE9B-4B99-86B6-E23CA3D1AE41}.Debug|iPhone.Build.0 = Debug|Any CPU
		{B9854959-FE9B-4B99-86B6-E23CA3D1AE41}.Debug|iPhoneSimulator.ActiveCfg = Debug|Any CPU
		{B9854959-FE9B-4B99-86B6-E23CA3D1AE41}.Debug|iPhoneSimulator.Build.0 = Debug|Any CPU
		{B9854959-FE9B-4B99-86B6-E23CA3D1AE41}.Release|Any CPU.ActiveCfg = Release|Any CPU
		{B9854959-FE9B-4B99-86B6-E23CA3D1AE41}.Release|Any CPU.Build.0 = Release|Any CPU
		{B9854959-FE9B-4B99-86B6-E23CA3D1AE41}.Release|iPhone.ActiveCfg = Release|Any CPU
		{B9854959-FE9B-4B99-86B6-E23CA3D1AE41}.Release|iPhone.Build.0 = Release|Any CPU
		{B9854959-FE9B-4B99-86B6-E23CA3D1AE41}.Release|iPhoneSimulator.ActiveCfg = Release|Any CPU
		{B9854959-FE9B-4B99-86B6-E23CA3D1AE41}.Release|iPhoneSimulator.Build.0 = Release|Any CPU
		{6F3DB4A0-4242-4BB2-94D6-764C09728379}.Ad-Hoc|Any CPU.ActiveCfg = Ad-Hoc|iPhone
		{6F3DB4A0-4242-4BB2-94D6-764C09728379}.Ad-Hoc|iPhone.ActiveCfg = Ad-Hoc|iPhone
		{6F3DB4A0-4242-4BB2-94D6-764C09728379}.Ad-Hoc|iPhone.Build.0 = Ad-Hoc|iPhone
		{6F3DB4A0-4242-4BB2-94D6-764C09728379}.Ad-Hoc|iPhoneSimulator.ActiveCfg = Ad-Hoc|iPhoneSimulator
		{6F3DB4A0-4242-4BB2-94D6-764C09728379}.Ad-Hoc|iPhoneSimulator.Build.0 = Ad-Hoc|iPhoneSimulator
		{6F3DB4A0-4242-4BB2-94D6-764C09728379}.AppStore|Any CPU.ActiveCfg = AppStore|iPhone
		{6F3DB4A0-4242-4BB2-94D6-764C09728379}.AppStore|iPhone.ActiveCfg = AppStore|iPhone
		{6F3DB4A0-4242-4BB2-94D6-764C09728379}.AppStore|iPhone.Build.0 = AppStore|iPhone
		{6F3DB4A0-4242-4BB2-94D6-764C09728379}.AppStore|iPhoneSimulator.ActiveCfg = AppStore|iPhoneSimulator
		{6F3DB4A0-4242-4BB2-94D6-764C09728379}.AppStore|iPhoneSimulator.Build.0 = AppStore|iPhoneSimulator
		{6F3DB4A0-4242-4BB2-94D6-764C09728379}.Debug|Any CPU.ActiveCfg = Debug|iPhone
		{6F3DB4A0-4242-4BB2-94D6-764C09728379}.Debug|iPhone.ActiveCfg = Debug|iPhone
		{6F3DB4A0-4242-4BB2-94D6-764C09728379}.Debug|iPhone.Build.0 = Debug|iPhone
		{6F3DB4A0-4242-4BB2-94D6-764C09728379}.Debug|iPhoneSimulator.ActiveCfg = Debug|iPhoneSimulator
		{6F3DB4A0-4242-4BB2-94D6-764C09728379}.Debug|iPhoneSimulator.Build.0 = Debug|iPhoneSimulator
		{6F3DB4A0-4242-4BB2-94D6-764C09728379}.Release|Any CPU.ActiveCfg = Release|iPhone
		{6F3DB4A0-4242-4BB2-94D6-764C09728379}.Release|Any CPU.Build.0 = Release|iPhone
		{6F3DB4A0-4242-4BB2-94D6-764C09728379}.Release|iPhone.ActiveCfg = Release|iPhone
		{6F3DB4A0-4242-4BB2-94D6-764C09728379}.Release|iPhone.Build.0 = Release|iPhone
		{6F3DB4A0-4242-4BB2-94D6-764C09728379}.Release|iPhoneSimulator.ActiveCfg = Release|iPhoneSimulator
		{6F3DB4A0-4242-4BB2-94D6-764C09728379}.Release|iPhoneSimulator.Build.0 = Release|iPhoneSimulator
		{76E4C1B6-AE83-4C29-A2D3-44D64D010668}.Ad-Hoc|Any CPU.ActiveCfg = Release|Any CPU
		{76E4C1B6-AE83-4C29-A2D3-44D64D010668}.Ad-Hoc|Any CPU.Build.0 = Release|Any CPU
		{76E4C1B6-AE83-4C29-A2D3-44D64D010668}.Ad-Hoc|Any CPU.Deploy.0 = Release|Any CPU
		{76E4C1B6-AE83-4C29-A2D3-44D64D010668}.Ad-Hoc|iPhone.ActiveCfg = Release|Any CPU
		{76E4C1B6-AE83-4C29-A2D3-44D64D010668}.Ad-Hoc|iPhone.Build.0 = Release|Any CPU
		{76E4C1B6-AE83-4C29-A2D3-44D64D010668}.Ad-Hoc|iPhone.Deploy.0 = Release|Any CPU
		{76E4C1B6-AE83-4C29-A2D3-44D64D010668}.Ad-Hoc|iPhoneSimulator.ActiveCfg = Release|Any CPU
		{76E4C1B6-AE83-4C29-A2D3-44D64D010668}.Ad-Hoc|iPhoneSimulator.Build.0 = Release|Any CPU
		{76E4C1B6-AE83-4C29-A2D3-44D64D010668}.Ad-Hoc|iPhoneSimulator.Deploy.0 = Release|Any CPU
		{76E4C1B6-AE83-4C29-A2D3-44D64D010668}.AppStore|Any CPU.ActiveCfg = Release|Any CPU
		{76E4C1B6-AE83-4C29-A2D3-44D64D010668}.AppStore|Any CPU.Build.0 = Release|Any CPU
		{76E4C1B6-AE83-4C29-A2D3-44D64D010668}.AppStore|Any CPU.Deploy.0 = Release|Any CPU
		{76E4C1B6-AE83-4C29-A2D3-44D64D010668}.AppStore|iPhone.ActiveCfg = Release|Any CPU
		{76E4C1B6-AE83-4C29-A2D3-44D64D010668}.AppStore|iPhone.Build.0 = Release|Any CPU
		{76E4C1B6-AE83-4C29-A2D3-44D64D010668}.AppStore|iPhone.Deploy.0 = Release|Any CPU
		{76E4C1B6-AE83-4C29-A2D3-44D64D010668}.AppStore|iPhoneSimulator.ActiveCfg = Release|Any CPU
		{76E4C1B6-AE83-4C29-A2D3-44D64D010668}.AppStore|iPhoneSimulator.Build.0 = Release|Any CPU
		{76E4C1B6-AE83-4C29-A2D3-44D64D010668}.AppStore|iPhoneSimulator.Deploy.0 = Release|Any CPU
		{76E4C1B6-AE83-4C29-A2D3-44D64D010668}.Debug|Any CPU.ActiveCfg = Debug|Any CPU
		{76E4C1B6-AE83-4C29-A2D3-44D64D010668}.Debug|Any CPU.Build.0 = Debug|Any CPU
		{76E4C1B6-AE83-4C29-A2D3-44D64D010668}.Debug|Any CPU.Deploy.0 = Debug|Any CPU
		{76E4C1B6-AE83-4C29-A2D3-44D64D010668}.Debug|iPhone.ActiveCfg = Debug|Any CPU
		{76E4C1B6-AE83-4C29-A2D3-44D64D010668}.Debug|iPhoneSimulator.ActiveCfg = Debug|Any CPU
		{76E4C1B6-AE83-4C29-A2D3-44D64D010668}.Release|Any CPU.ActiveCfg = Release|Any CPU
		{76E4C1B6-AE83-4C29-A2D3-44D64D010668}.Release|Any CPU.Build.0 = Release|Any CPU
		{76E4C1B6-AE83-4C29-A2D3-44D64D010668}.Release|Any CPU.Deploy.0 = Release|Any CPU
		{76E4C1B6-AE83-4C29-A2D3-44D64D010668}.Release|iPhone.ActiveCfg = Release|Any CPU
		{76E4C1B6-AE83-4C29-A2D3-44D64D010668}.Release|iPhone.Build.0 = Release|Any CPU
		{76E4C1B6-AE83-4C29-A2D3-44D64D010668}.Release|iPhoneSimulator.ActiveCfg = Release|Any CPU
		{76E4C1B6-AE83-4C29-A2D3-44D64D010668}.Release|iPhoneSimulator.Build.0 = Release|Any CPU
	EndGlobalSection
	GlobalSection(SolutionProperties) = preSolution
		HideSolutionNode = FALSE
	EndGlobalSection
EndGlobal
